
Microsoft Visual Studio Solution File, Format Version 12.00
# Visual Studio Version 17
VisualStudioVersion = 17.14.36109.1 d17.14
MinimumVisualStudioVersion = 10.0.40219.1
Project("{FAE04EC0-301F-11D3-BF4B-00C04F79EFBC}") = "ConsoleApp1", "ConsoleApp1.csproj", "{F3EB6E97-0343-4E59-BCE6-E46C9C53D149}"
EndProject
Global
	GlobalSection(SolutionConfigurationPlatforms) = preSolution
		Debug|Any CPU = Debug|Any CPU
		Release|Any CPU = Release|Any CPU
	EndGlobalSection
	GlobalSection(ProjectConfigurationPlatforms) = postSolution
		{F3EB6E97-0343-4E59-BCE6-E46C9C53D149}.Debug|Any CPU.ActiveCfg = Debug|Any CPU
		{F3EB6E97-0343-4E59-BCE6-E46C9C53D149}.Debug|Any CPU.Build.0 = Debug|Any CPU
		{F3EB6E97-0343-4E59-BCE6-E46C9C53D149}.Release|Any CPU.ActiveCfg = Release|Any CPU
		{F3EB6E97-0343-4E59-BCE6-E46C9C53D149}.Release|Any CPU.Build.0 = Release|Any CPU
	EndGlobalSection
	GlobalSection(SolutionProperties) = preSolution
		HideSolutionNode = FALSE
	EndGlobalSection
	GlobalSection(ExtensibilityGlobals) = postSolution
		SolutionGuid = {A47380F3-EAA9-4931-805C-83F3555FB9A4}
	EndGlobalSection
EndGlobal
